// !$*UTF8*$!
{
	archiveVersion = 1;
	classes = {
	};
	objectVersion = 50;
	objects = {

/* Begin PBXBuildFile section */
		100B2066258063EC00F3F026 /* draw.mp4 in Resources */ = {isa = PBXBuildFile; fileRef = 100B2065258063EC00F3F026 /* draw.mp4 */; };
		10506A20259C7CCC007D1B08 /* banana.gif in Resources */ = {isa = PBXBuildFile; fileRef = 10506A1F259C7CCC007D1B08 /* banana.gif */; };
		1062120B259F38420014471A /* 25.gif in Resources */ = {isa = PBXBuildFile; fileRef = 1062120A259F38420014471A /* 25.gif */; };
		1062120E259F39B40014471A /* 30.gif in Resources */ = {isa = PBXBuildFile; fileRef = 1062120D259F39B40014471A /* 30.gif */; };
		10621211259F3A750014471A /* tenor.gif in Resources */ = {isa = PBXBuildFile; fileRef = 10621210259F3A750014471A /* tenor.gif */; };
		1076BFBF259AC60D00F36FF9 /* FinalViewController.swift in Sources */ = {isa = PBXBuildFile; fileRef = 1076BFBE259AC60D00F36FF9 /* FinalViewController.swift */; };
		107D77E8259CCD7B00C0E389 /* iCarousel.m in Sources */ = {isa = PBXBuildFile; fileRef = 107D77E6259CCD7B00C0E389 /* iCarousel.m */; };
		1081E0F7259AE1E300CF404F /* giphy.gif in Resources */ = {isa = PBXBuildFile; fileRef = 1081E0F6259AE1E300CF404F /* giphy.gif */; };
		1081E0FA259AE23100CF404F /* UIimage+GIF.swift in Sources */ = {isa = PBXBuildFile; fileRef = 1081E0F9259AE23100CF404F /* UIimage+GIF.swift */; };
		1081E0FD259AE2A500CF404F /* CustomLoader.swift in Sources */ = {isa = PBXBuildFile; fileRef = 1081E0FC259AE2A500CF404F /* CustomLoader.swift */; };
		108652C12571E4B700ADEE77 /* DisplayViewController.swift in Sources */ = {isa = PBXBuildFile; fileRef = 108652C02571E4B700ADEE77 /* DisplayViewController.swift */; };
		10987AEC256FC47700F4F638 /* HomeViewController.swift in Sources */ = {isa = PBXBuildFile; fileRef = 10987AEB256FC47700F4F638 /* HomeViewController.swift */; };
		10A3007525A327440026E147 /* back.gif in Resources */ = {isa = PBXBuildFile; fileRef = 10A3007425A327440026E147 /* back.gif */; };
		10C00A50257D341D0029849F /* FacialShapeViewController.swift in Sources */ = {isa = PBXBuildFile; fileRef = 10C00A4F257D341D0029849F /* FacialShapeViewController.swift */; };
		B537A2212581BD5700F53640 /* LunchScreenViewController.swift in Sources */ = {isa = PBXBuildFile; fileRef = B537A2202581BD5700F53640 /* LunchScreenViewController.swift */; };
		B591FD74258DED2D004706E6 /* startViewController.swift in Sources */ = {isa = PBXBuildFile; fileRef = B591FD73258DED2D004706E6 /* startViewController.swift */; };
		B78D0012233364D50004AC87 /* AppDelegate.swift in Sources */ = {isa = PBXBuildFile; fileRef = B78D0011233364D50004AC87 /* AppDelegate.swift */; };
		B78D0014233364D50004AC87 /* ViewController.swift in Sources */ = {isa = PBXBuildFile; fileRef = B78D0013233364D50004AC87 /* ViewController.swift */; };
		B78D0017233364D50004AC87 /* Main.storyboard in Resources */ = {isa = PBXBuildFile; fileRef = B78D0015233364D50004AC87 /* Main.storyboard */; };
		B78D0019233364D50004AC87 /* Assets.xcassets in Resources */ = {isa = PBXBuildFile; fileRef = B78D0018233364D50004AC87 /* Assets.xcassets */; };
		B78D001C233364D50004AC87 /* LaunchScreen.storyboard in Resources */ = {isa = PBXBuildFile; fileRef = B78D001A233364D50004AC87 /* LaunchScreen.storyboard */; };
		B78D002423337A150004AC87 /* CanvasView.swift in Sources */ = {isa = PBXBuildFile; fileRef = B78D002323337A150004AC87 /* CanvasView.swift */; };
/* End PBXBuildFile section */

/* Begin PBXFileReference section */
		100B2065258063EC00F3F026 /* draw.mp4 */ = {isa = PBXFileReference; lastKnownFileType = file; name = draw.mp4; path = ../../draw.mp4; sourceTree = "<group>"; };
		10506A1F259C7CCC007D1B08 /* banana.gif */ = {isa = PBXFileReference; lastKnownFileType = image.gif; path = banana.gif; sourceTree = "<group>"; };
		1062120A259F38420014471A /* 25.gif */ = {isa = PBXFileReference; lastKnownFileType = image.gif; path = 25.gif; sourceTree = "<group>"; };
		1062120D259F39B40014471A /* 30.gif */ = {isa = PBXFileReference; lastKnownFileType = image.gif; path = 30.gif; sourceTree = "<group>"; };
		10621210259F3A750014471A /* tenor.gif */ = {isa = PBXFileReference; lastKnownFileType = image.gif; path = tenor.gif; sourceTree = "<group>"; };
		1076BFBE259AC60D00F36FF9 /* FinalViewController.swift */ = {isa = PBXFileReference; lastKnownFileType = sourcecode.swift; path = FinalViewController.swift; sourceTree = "<group>"; };
		107D77E5259CCD7A00C0E389 /* DrawingApp-Bridging-Header.h */ = {isa = PBXFileReference; lastKnownFileType = sourcecode.c.h; path = "DrawingApp-Bridging-Header.h"; sourceTree = "<group>"; };
		107D77E6259CCD7B00C0E389 /* iCarousel.m */ = {isa = PBXFileReference; fileEncoding = 4; lastKnownFileType = sourcecode.c.objc; path = iCarousel.m; sourceTree = "<group>"; };
		107D77E7259CCD7B00C0E389 /* iCarousel.h */ = {isa = PBXFileReference; fileEncoding = 4; lastKnownFileType = sourcecode.c.h; path = iCarousel.h; sourceTree = "<group>"; };
		1081E0F6259AE1E300CF404F /* giphy.gif */ = {isa = PBXFileReference; lastKnownFileType = image.gif; path = giphy.gif; sourceTree = "<group>"; };
		1081E0F9259AE23100CF404F /* UIimage+GIF.swift */ = {isa = PBXFileReference; lastKnownFileType = sourcecode.swift; path = "UIimage+GIF.swift"; sourceTree = "<group>"; };
		1081E0FC259AE2A500CF404F /* CustomLoader.swift */ = {isa = PBXFileReference; lastKnownFileType = sourcecode.swift; path = CustomLoader.swift; sourceTree = "<group>"; };
		108652C02571E4B700ADEE77 /* DisplayViewController.swift */ = {isa = PBXFileReference; lastKnownFileType = sourcecode.swift; path = DisplayViewController.swift; sourceTree = "<group>"; };
		10987AEB256FC47700F4F638 /* HomeViewController.swift */ = {isa = PBXFileReference; lastKnownFileType = sourcecode.swift; path = HomeViewController.swift; sourceTree = "<group>"; };
		10A3007425A327440026E147 /* back.gif */ = {isa = PBXFileReference; lastKnownFileType = image.gif; path = back.gif; sourceTree = "<group>"; };
		10C00A4F257D341D0029849F /* FacialShapeViewController.swift */ = {isa = PBXFileReference; lastKnownFileType = sourcecode.swift; path = FacialShapeViewController.swift; sourceTree = "<group>"; };
		B537A2202581BD5700F53640 /* LunchScreenViewController.swift */ = {isa = PBXFileReference; lastKnownFileType = sourcecode.swift; path = LunchScreenViewController.swift; sourceTree = "<group>"; };
		B591FD73258DED2D004706E6 /* startViewController.swift */ = {isa = PBXFileReference; lastKnownFileType = sourcecode.swift; path = startViewController.swift; sourceTree = "<group>"; };
		B78D000E233364D50004AC87 /* DrawingApp.app */ = {isa = PBXFileReference; explicitFileType = wrapper.application; includeInIndex = 0; path = DrawingApp.app; sourceTree = BUILT_PRODUCTS_DIR; };
		B78D0011233364D50004AC87 /* AppDelegate.swift */ = {isa = PBXFileReference; lastKnownFileType = sourcecode.swift; path = AppDelegate.swift; sourceTree = "<group>"; };
		B78D0013233364D50004AC87 /* ViewController.swift */ = {isa = PBXFileReference; lastKnownFileType = sourcecode.swift; path = ViewController.swift; sourceTree = "<group>"; };
		B78D0016233364D50004AC87 /* Base */ = {isa = PBXFileReference; lastKnownFileType = file.storyboard; name = Base; path = Base.lproj/Main.storyboard; sourceTree = "<group>"; };
		B78D0018233364D50004AC87 /* Assets.xcassets */ = {isa = PBXFileReference; lastKnownFileType = folder.assetcatalog; path = Assets.xcassets; sourceTree = "<group>"; };
		B78D001B233364D50004AC87 /* Base */ = {isa = PBXFileReference; lastKnownFileType = file.storyboard; name = Base; path = Base.lproj/LaunchScreen.storyboard; sourceTree = "<group>"; };
		B78D001D233364D50004AC87 /* Info.plist */ = {isa = PBXFileReference; lastKnownFileType = text.plist.xml; path = Info.plist; sourceTree = "<group>"; };
		B78D002323337A150004AC87 /* CanvasView.swift */ = {isa = PBXFileReference; lastKnownFileType = sourcecode.swift; path = CanvasView.swift; sourceTree = "<group>"; };
/* End PBXFileReference section */

/* Begin PBXFrameworksBuildPhase section */
		B78D000B233364D50004AC87 /* Frameworks */ = {
			isa = PBXFrameworksBuildPhase;
			buildActionMask = 2147483647;
			files = (
			);
			runOnlyForDeploymentPostprocessing = 0;
		};
/* End PBXFrameworksBuildPhase section */

/* Begin PBXGroup section */
		B78D0005233364D50004AC87 = {
			isa = PBXGroup;
			children = (
				B78D0010233364D50004AC87 /* DrawingApp */,
				B78D000F233364D50004AC87 /* Products */,
			);
			sourceTree = "<group>";
		};
		B78D000F233364D50004AC87 /* Products */ = {
			isa = PBXGroup;
			children = (
				B78D000E233364D50004AC87 /* DrawingApp.app */,
			);
			name = Products;
			sourceTree = "<group>";
		};
		B78D0010233364D50004AC87 /* DrawingApp */ = {
			isa = PBXGroup;
			children = (
				1081E0F9259AE23100CF404F /* UIimage+GIF.swift */,
				B78D0011233364D50004AC87 /* AppDelegate.swift */,
				B537A2202581BD5700F53640 /* LunchScreenViewController.swift */,
				B591FD73258DED2D004706E6 /* startViewController.swift */,
				10987AEB256FC47700F4F638 /* HomeViewController.swift */,
				10C00A4F257D341D0029849F /* FacialShapeViewController.swift */,
				B78D0013233364D50004AC87 /* ViewController.swift */,
				B78D002323337A150004AC87 /* CanvasView.swift */,
				108652C02571E4B700ADEE77 /* DisplayViewController.swift */,
				1076BFBE259AC60D00F36FF9 /* FinalViewController.swift */,
				1081E0FC259AE2A500CF404F /* CustomLoader.swift */,
				B78D0015233364D50004AC87 /* Main.storyboard */,
				B78D0018233364D50004AC87 /* Assets.xcassets */,
				B78D001A233364D50004AC87 /* LaunchScreen.storyboard */,
				107D77E7259CCD7B00C0E389 /* iCarousel.h */,
				107D77E6259CCD7B00C0E389 /* iCarousel.m */,
				100B2065258063EC00F3F026 /* draw.mp4 */,
				10506A1F259C7CCC007D1B08 /* banana.gif */,
				10621210259F3A750014471A /* tenor.gif */,
				1062120D259F39B40014471A /* 30.gif */,
				1062120A259F38420014471A /* 25.gif */,
				1081E0F6259AE1E300CF404F /* giphy.gif */,
				10A3007425A327440026E147 /* back.gif */,
				B78D001D233364D50004AC87 /* Info.plist */,
				107D77E5259CCD7A00C0E389 /* DrawingApp-Bridging-Header.h */,
			);
			path = DrawingApp;
			sourceTree = "<group>";
		};
/* End PBXGroup section */

/* Begin PBXNativeTarget section */
		B78D000D233364D50004AC87 /* DrawingApp */ = {
			isa = PBXNativeTarget;
			buildConfigurationList = B78D0020233364D50004AC87 /* Build configuration list for PBXNativeTarget "DrawingApp" */;
			buildPhases = (
				B78D000A233364D50004AC87 /* Sources */,
				B78D000B233364D50004AC87 /* Frameworks */,
				B78D000C233364D50004AC87 /* Resources */,
			);
			buildRules = (
			);
			dependencies = (
			);
			name = DrawingApp;
			productName = DrawingApp;
			productReference = B78D000E233364D50004AC87 /* DrawingApp.app */;
			productType = "com.apple.product-type.application";
		};
/* End PBXNativeTarget section */

/* Begin PBXProject section */
		B78D0006233364D50004AC87 /* Project object */ = {
			isa = PBXProject;
			attributes = {
				LastSwiftUpdateCheck = 1020;
				LastUpgradeCheck = 1220;
				ORGANIZATIONNAME = Ranosys;
				TargetAttributes = {
					B78D000D233364D50004AC87 = {
						CreatedOnToolsVersion = 10.2.1;
						LastSwiftMigration = 1230;
					};
				};
			};
			buildConfigurationList = B78D0009233364D50004AC87 /* Build configuration list for PBXProject "DrawingApp" */;
			compatibilityVersion = "Xcode 9.3";
			developmentRegion = en;
			hasScannedForEncodings = 0;
			knownRegions = (
				en,
				Base,
			);
			mainGroup = B78D0005233364D50004AC87;
			productRefGroup = B78D000F233364D50004AC87 /* Products */;
			projectDirPath = "";
			projectRoot = "";
			targets = (
				B78D000D233364D50004AC87 /* DrawingApp */,
			);
		};
/* End PBXProject section */

/* Begin PBXResourcesBuildPhase section */
		B78D000C233364D50004AC87 /* Resources */ = {
			isa = PBXResourcesBuildPhase;
			buildActionMask = 2147483647;
			files = (
				1081E0F7259AE1E300CF404F /* giphy.gif in Resources */,
				1062120B259F38420014471A /* 25.gif in Resources */,
				10506A20259C7CCC007D1B08 /* banana.gif in Resources */,
				B78D001C233364D50004AC87 /* LaunchScreen.storyboard in Resources */,
				100B2066258063EC00F3F026 /* draw.mp4 in Resources */,
				1062120E259F39B40014471A /* 30.gif in Resources */,
				B78D0019233364D50004AC87 /* Assets.xcassets in Resources */,
				10A3007525A327440026E147 /* back.gif in Resources */,
				B78D0017233364D50004AC87 /* Main.storyboard in Resources */,
				10621211259F3A750014471A /* tenor.gif in Resources */,
			);
			runOnlyForDeploymentPostprocessing = 0;
		};
/* End PBXResourcesBuildPhase section */

/* Begin PBXSourcesBuildPhase section */
		B78D000A233364D50004AC87 /* Sources */ = {
			isa = PBXSourcesBuildPhase;
			buildActionMask = 2147483647;
			files = (
				1081E0FA259AE23100CF404F /* UIimage+GIF.swift in Sources */,
				10C00A50257D341D0029849F /* FacialShapeViewController.swift in Sources */,
				1076BFBF259AC60D00F36FF9 /* FinalViewController.swift in Sources */,
				1081E0FD259AE2A500CF404F /* CustomLoader.swift in Sources */,
				B591FD74258DED2D004706E6 /* startViewController.swift in Sources */,
				B537A2212581BD5700F53640 /* LunchScreenViewController.swift in Sources */,
				108652C12571E4B700ADEE77 /* DisplayViewController.swift in Sources */,
				B78D0014233364D50004AC87 /* ViewController.swift in Sources */,
				B78D0012233364D50004AC87 /* AppDelegate.swift in Sources */,
				107D77E8259CCD7B00C0E389 /* iCarousel.m in Sources */,
				B78D002423337A150004AC87 /* CanvasView.swift in Sources */,
				10987AEC256FC47700F4F638 /* HomeViewController.swift in Sources */,
			);
			runOnlyForDeploymentPostprocessing = 0;
		};
/* End PBXSourcesBuildPhase section */

/* Begin PBXVariantGroup section */
		B78D0015233364D50004AC87 /* Main.storyboard */ = {
			isa = PBXVariantGroup;
			children = (
				B78D0016233364D50004AC87 /* Base */,
			);
			name = Main.storyboard;
			sourceTree = "<group>";
		};
		B78D001A233364D50004AC87 /* LaunchScreen.storyboard */ = {
			isa = PBXVariantGroup;
			children = (
				B78D001B233364D50004AC87 /* Base */,
			);
			name = LaunchScreen.storyboard;
			sourceTree = "<group>";
		};
/* End PBXVariantGroup section */

/* Begin XCBuildConfiguration section */
		B78D001E233364D50004AC87 /* Debug */ = {
			isa = XCBuildConfiguration;
			buildSettings = {
				ALWAYS_SEARCH_USER_PATHS = NO;
				CLANG_ANALYZER_NONNULL = YES;
				CLANG_ANALYZER_NUMBER_OBJECT_CONVERSION = YES_AGGRESSIVE;
				CLANG_CXX_LANGUAGE_STANDARD = "gnu++14";
				CLANG_CXX_LIBRARY = "libc++";
				CLANG_ENABLE_MODULES = YES;
				CLANG_ENABLE_OBJC_ARC = YES;
				CLANG_ENABLE_OBJC_WEAK = YES;
				CLANG_WARN_BLOCK_CAPTURE_AUTORELEASING = YES;
				CLANG_WARN_BOOL_CONVERSION = YES;
				CLANG_WARN_COMMA = YES;
				CLANG_WARN_CONSTANT_CONVERSION = YES;
				CLANG_WARN_DEPRECATED_OBJC_IMPLEMENTATIONS = YES;
				CLANG_WARN_DIRECT_OBJC_ISA_USAGE = YES_ERROR;
				CLANG_WARN_DOCUMENTATION_COMMENTS = YES;
				CLANG_WARN_EMPTY_BODY = YES;
				CLANG_WARN_ENUM_CONVERSION = YES;
				CLANG_WARN_INFINITE_RECURSION = YES;
				CLANG_WARN_INT_CONVERSION = YES;
				CLANG_WARN_NON_LITERAL_NULL_CONVERSION = YES;
				CLANG_WARN_OBJC_IMPLICIT_RETAIN_SELF = YES;
				CLANG_WARN_OBJC_LITERAL_CONVERSION = YES;
				CLANG_WARN_OBJC_ROOT_CLASS = YES_ERROR;
				CLANG_WARN_QUOTED_INCLUDE_IN_FRAMEWORK_HEADER = YES;
				CLANG_WARN_RANGE_LOOP_ANALYSIS = YES;
				CLANG_WARN_STRICT_PROTOTYPES = YES;
				CLANG_WARN_SUSPICIOUS_MOVE = YES;
				CLANG_WARN_UNGUARDED_AVAILABILITY = YES_AGGRESSIVE;
				CLANG_WARN_UNREACHABLE_CODE = YES;
				CLANG_WARN__DUPLICATE_METHOD_MATCH = YES;
				CODE_SIGN_IDENTITY = "iPhone Developer";
				COPY_PHASE_STRIP = NO;
				DEBUG_INFORMATION_FORMAT = dwarf;
				ENABLE_STRICT_OBJC_MSGSEND = YES;
				ENABLE_TESTABILITY = YES;
				GCC_C_LANGUAGE_STANDARD = gnu11;
				GCC_DYNAMIC_NO_PIC = NO;
				GCC_NO_COMMON_BLOCKS = YES;
				GCC_OPTIMIZATION_LEVEL = 0;
				GCC_PREPROCESSOR_DEFINITIONS = (
					"DEBUG=1",
					"$(inherited)",
				);
				GCC_WARN_64_TO_32_BIT_CONVERSION = YES;
				GCC_WARN_ABOUT_RETURN_TYPE = YES_ERROR;
				GCC_WARN_UNDECLARED_SELECTOR = YES;
				GCC_WARN_UNINITIALIZED_AUTOS = YES_AGGRESSIVE;
				GCC_WARN_UNUSED_FUNCTION = YES;
				GCC_WARN_UNUSED_VARIABLE = YES;
				IPHONEOS_DEPLOYMENT_TARGET = 14.2;
				MTL_ENABLE_DEBUG_INFO = INCLUDE_SOURCE;
				MTL_FAST_MATH = YES;
				ONLY_ACTIVE_ARCH = YES;
				SDKROOT = iphoneos;
				SWIFT_ACTIVE_COMPILATION_CONDITIONS = DEBUG;
				SWIFT_OPTIMIZATION_LEVEL = "-Onone";
			};
			name = Debug;
		};
		B78D001F233364D50004AC87 /* Release */ = {
			isa = XCBuildConfiguration;
			buildSettings = {
				ALWAYS_SEARCH_USER_PATHS = NO;
				CLANG_ANALYZER_NONNULL = YES;
				CLANG_ANALYZER_NUMBER_OBJECT_CONVERSION = YES_AGGRESSIVE;
				CLANG_CXX_LANGUAGE_STANDARD = "gnu++14";
				CLANG_CXX_LIBRARY = "libc++";
				CLANG_ENABLE_MODULES = YES;
				CLANG_ENABLE_OBJC_ARC = YES;
				CLANG_ENABLE_OBJC_WEAK = YES;
				CLANG_WARN_BLOCK_CAPTURE_AUTORELEASING = YES;
				CLANG_WARN_BOOL_CONVERSION = YES;
				CLANG_WARN_COMMA = YES;
				CLANG_WARN_CONSTANT_CONVERSION = YES;
				CLANG_WARN_DEPRECATED_OBJC_IMPLEMENTATIONS = YES;
				CLANG_WARN_DIRECT_OBJC_ISA_USAGE = YES_ERROR;
				CLANG_WARN_DOCUMENTATION_COMMENTS = YES;
				CLANG_WARN_EMPTY_BODY = YES;
				CLANG_WARN_ENUM_CONVERSION = YES;
				CLANG_WARN_INFINITE_RECURSION = YES;
				CLANG_WARN_INT_CONVERSION = YES;
				CLANG_WARN_NON_LITERAL_NULL_CONVERSION = YES;
				CLANG_WARN_OBJC_IMPLICIT_RETAIN_SELF = YES;
				CLANG_WARN_OBJC_LITERAL_CONVERSION = YES;
				CLANG_WARN_OBJC_ROOT_CLASS = YES_ERROR;
				CLANG_WARN_QUOTED_INCLUDE_IN_FRAMEWORK_HEADER = YES;
				CLANG_WARN_RANGE_LOOP_ANALYSIS = YES;
				CLANG_WARN_STRICT_PROTOTYPES = YES;
				CLANG_WARN_SUSPICIOUS_MOVE = YES;
				CLANG_WARN_UNGUARDED_AVAILABILITY = YES_AGGRESSIVE;
				CLANG_WARN_UNREACHABLE_CODE = YES;
				CLANG_WARN__DUPLICATE_METHOD_MATCH = YES;
				CODE_SIGN_IDENTITY = "iPhone Developer";
				COPY_PHASE_STRIP = NO;
				DEBUG_INFORMATION_FORMAT = "dwarf-with-dsym";
				ENABLE_NS_ASSERTIONS = NO;
				ENABLE_STRICT_OBJC_MSGSEND = YES;
				GCC_C_LANGUAGE_STANDARD = gnu11;
				GCC_NO_COMMON_BLOCKS = YES;
				GCC_WARN_64_TO_32_BIT_CONVERSION = YES;
				GCC_WARN_ABOUT_RETURN_TYPE = YES_ERROR;
				GCC_WARN_UNDECLARED_SELECTOR = YES;
				GCC_WARN_UNINITIALIZED_AUTOS = YES_AGGRESSIVE;
				GCC_WARN_UNUSED_FUNCTION = YES;
				GCC_WARN_UNUSED_VARIABLE = YES;
				IPHONEOS_DEPLOYMENT_TARGET = 14.2;
				MTL_ENABLE_DEBUG_INFO = NO;
				MTL_FAST_MATH = YES;
				SDKROOT = iphoneos;
				SWIFT_COMPILATION_MODE = wholemodule;
				SWIFT_OPTIMIZATION_LEVEL = "-O";
				VALIDATE_PRODUCT = YES;
			};
			name = Release;
		};
		B78D0021233364D50004AC87 /* Debug */ = {
			isa = XCBuildConfiguration;
			buildSettings = {
				ASSETCATALOG_COMPILER_APPICON_NAME = AppIcon;
				CLANG_ENABLE_MODULES = YES;
				CODE_SIGN_IDENTITY = "Apple Development";
				CODE_SIGN_STYLE = Automatic;
				DEVELOPMENT_TEAM = Q4G2GNGD8L;
				INFOPLIST_FILE = DrawingApp/Info.plist;
				IPHONEOS_DEPLOYMENT_TARGET = 13.0;
				LD_RUNPATH_SEARCH_PATHS = (
					"$(inherited)",
					"@executable_path/Frameworks",
				);
				PRODUCT_BUNDLE_IDENTIFIER = com.baidu.DrawingApp;
				PRODUCT_NAME = "$(TARGET_NAME)";
				PROVISIONING_PROFILE_SPECIFIER = "";
				SWIFT_OBJC_BRIDGING_HEADER = "DrawingApp/DrawingApp-Bridging-Header.h";
				SWIFT_OPTIMIZATION_LEVEL = "-Onone";
				SWIFT_VERSION = 5.0;
				TARGETED_DEVICE_FAMILY = "1,2";
			};
			name = Debug;
		};
		B78D0022233364D50004AC87 /* Release */ = {
			isa = XCBuildConfiguration;
			buildSettings = {
				ASSETCATALOG_COMPILER_APPICON_NAME = AppIcon;
				CLANG_ENABLE_MODULES = YES;
				CODE_SIGN_IDENTITY = "Apple Development";
				CODE_SIGN_STYLE = Automatic;
				DEVELOPMENT_TEAM = Q4G2GNGD8L;
				INFOPLIST_FILE = DrawingApp/Info.plist;
				IPHONEOS_DEPLOYMENT_TARGET = 13.0;
				LD_RUNPATH_SEARCH_PATHS = (
					"$(inherited)",
					"@executable_path/Frameworks",
				);
				PRODUCT_BUNDLE_IDENTIFIER = com.baidu.DrawingApp;
				PRODUCT_NAME = "$(TARGET_NAME)";
				PROVISIONING_PROFILE_SPECIFIER = "";
				SWIFT_OBJC_BRIDGING_HEADER = "DrawingApp/DrawingApp-Bridging-Header.h";
				SWIFT_VERSION = 5.0;
				TARGETED_DEVICE_FAMILY = "1,2";
			};
			name = Release;
		};
/* End XCBuildConfiguration section */

/* Begin XCConfigurationList section */
		B78D0009233364D50004AC87 /* Build configuration list for PBXProject "DrawingApp" */ = {
			isa = XCConfigurationList;
			buildConfigurations = (
				B78D001E233364D50004AC87 /* Debug */,
				B78D001F233364D50004AC87 /* Release */,
			);
			defaultConfigurationIsVisible = 0;
			defaultConfigurationName = Release;
		};
		B78D0020233364D50004AC87 /* Build configuration list for PBXNativeTarget "DrawingApp" */ = {
			isa = XCConfigurationList;
			buildConfigurations = (
				B78D0021233364D50004AC87 /* Debug */,
				B78D0022233364D50004AC87 /* Release */,
			);
			defaultConfigurationIsVisible = 0;
			defaultConfigurationName = Release;
		};
/* End XCConfigurationList section */
	};
	rootObject = B78D0006233364D50004AC87 /* Project object */;
}
